
Microsoft Visual Studio Solution File, Format Version 12.00
# Visual Studio Version 16
VisualStudioVersion = 16.0.30204.135
MinimumVisualStudioVersion = 10.0.40219.1
Project("{FAE04EC0-301F-11D3-BF4B-00C04F79EFBC}") = "MsSqlToolBelt", "MsSqlToolBelt\MsSqlToolBelt.csproj", "{5E6FFA84-F0E0-4EC1-98BA-93A7C85DDF8C}"
EndProject
Global
	GlobalSection(SolutionConfigurationPlatforms) = preSolution
		Debug|Any CPU = Debug|Any CPU
		Release|Any CPU = Release|Any CPU
	EndGlobalSection
	GlobalSection(ProjectConfigurationPlatforms) = postSolution
		{5E6FFA84-F0E0-4EC1-98BA-93A7C85DDF8C}.Debug|Any CPU.ActiveCfg = Debug|Any CPU
		{5E6FFA84-F0E0-4EC1-98BA-93A7C85DDF8C}.Debug|Any CPU.Build.0 = Debug|Any CPU
		{5E6FFA84-F0E0-4EC1-98BA-93A7C85DDF8C}.Release|Any CPU.ActiveCfg = Release|Any CPU
		{5E6FFA84-F0E0-4EC1-98BA-93A7C85DDF8C}.Release|Any CPU.Build.0 = Release|Any CPU
	EndGlobalSection
	GlobalSection(SolutionProperties) = preSolution
		HideSolutionNode = FALSE
	EndGlobalSection
	GlobalSection(ExtensibilityGlobals) = postSolution
		SolutionGuid = {6278356C-CD0F-4071-A97B-7AAED491D34B}
	EndGlobalSection
EndGlobal
