
Microsoft Visual Studio Solution File, Format Version 12.00
# Visual Studio Version 17
VisualStudioVersion = 17.8.34322.80
MinimumVisualStudioVersion = 10.0.40219.1
Project("{FAE04EC0-301F-11D3-BF4B-00C04F79EFBC}") = "MsSqlToolBeltPublisher", "MsSqlToolBeltPublisher\MsSqlToolBeltPublisher.csproj", "{4EB599A7-D4DB-4063-AF32-540FE2DC4413}"
EndProject
Global
	GlobalSection(SolutionConfigurationPlatforms) = preSolution
		Debug|Any CPU = Debug|Any CPU
		Release|Any CPU = Release|Any CPU
	EndGlobalSection
	GlobalSection(ProjectConfigurationPlatforms) = postSolution
		{4EB599A7-D4DB-4063-AF32-540FE2DC4413}.Debug|Any CPU.ActiveCfg = Debug|Any CPU
		{4EB599A7-D4DB-4063-AF32-540FE2DC4413}.Debug|Any CPU.Build.0 = Debug|Any CPU
		{4EB599A7-D4DB-4063-AF32-540FE2DC4413}.Release|Any CPU.ActiveCfg = Release|Any CPU
		{4EB599A7-D4DB-4063-AF32-540FE2DC4413}.Release|Any CPU.Build.0 = Release|Any CPU
	EndGlobalSection
	GlobalSection(SolutionProperties) = preSolution
		HideSolutionNode = FALSE
	EndGlobalSection
	GlobalSection(ExtensibilityGlobals) = postSolution
		SolutionGuid = {406F6A5F-6361-40F7-AD06-DEF6C49D6518}
	EndGlobalSection
EndGlobal
